
Microsoft Visual Studio Solution File, Format Version 12.00
# Visual Studio Express 2012 for Web
Project("{FAE04EC0-301F-11D3-BF4B-00C04F79EFBC}") = "i", "i\i.csproj", "{82860029-969C-4502-AD2A-2F31C87D0370}"
EndProject
Project("{2150E333-8FDC-42A3-9474-1A3956D46DE8}") = ".nuget", ".nuget", "{7C39FE19-40C4-4125-8E37-3FF757B17207}"
	ProjectSection(SolutionItems) = preProject
		.nuget\NuGet.Config = .nuget\NuGet.Config
		.nuget\NuGet.exe = .nuget\NuGet.exe
		.nuget\NuGet.targets = .nuget\NuGet.targets
	EndProjectSection
EndProject
Global
	GlobalSection(SolutionConfigurationPlatforms) = preSolution
		Debug|Any CPU = Debug|Any CPU
		Release|Any CPU = Release|Any CPU
	EndGlobalSection
	GlobalSection(ProjectConfigurationPlatforms) = postSolution
		{82860029-969C-4502-AD2A-2F31C87D0370}.Debug|Any CPU.ActiveCfg = Debug|Any CPU
		{82860029-969C-4502-AD2A-2F31C87D0370}.Debug|Any CPU.Build.0 = Debug|Any CPU
		{82860029-969C-4502-AD2A-2F31C87D0370}.Release|Any CPU.ActiveCfg = Release|Any CPU
		{82860029-969C-4502-AD2A-2F31C87D0370}.Release|Any CPU.Build.0 = Release|Any CPU
	EndGlobalSection
	GlobalSection(SolutionProperties) = preSolution
		HideSolutionNode = FALSE
	EndGlobalSection
EndGlobal
